
Microsoft Visual Studio Solution File, Format Version 12.00
# Visual Studio Version 16
VisualStudioVersion = 16.0.31624.102
MinimumVisualStudioVersion = 10.0.40219.1
Project("{FAE04EC0-301F-11D3-BF4B-00C04F79EFBC}") = "ExCatalogoFinal_joaoLeigo", "ExCatalogoFinal_joaoLeigo\ExCatalogoFinal_joaoLeigo.csproj", "{FEA3F6C7-9444-4A88-B1AB-D46A17AE43E7}"
EndProject
Global
	GlobalSection(SolutionConfigurationPlatforms) = preSolution
		Debug|Any CPU = Debug|Any CPU
		Release|Any CPU = Release|Any CPU
	EndGlobalSection
	GlobalSection(ProjectConfigurationPlatforms) = postSolution
		{FEA3F6C7-9444-4A88-B1AB-D46A17AE43E7}.Debug|Any CPU.ActiveCfg = Debug|Any CPU
		{FEA3F6C7-9444-4A88-B1AB-D46A17AE43E7}.Debug|Any CPU.Build.0 = Debug|Any CPU
		{FEA3F6C7-9444-4A88-B1AB-D46A17AE43E7}.Release|Any CPU.ActiveCfg = Release|Any CPU
		{FEA3F6C7-9444-4A88-B1AB-D46A17AE43E7}.Release|Any CPU.Build.0 = Release|Any CPU
	EndGlobalSection
	GlobalSection(SolutionProperties) = preSolution
		HideSolutionNode = FALSE
	EndGlobalSection
	GlobalSection(ExtensibilityGlobals) = postSolution
		SolutionGuid = {3D57EB3D-C17F-41B4-BD95-F30FE0E9C21E}
	EndGlobalSection
EndGlobal
